{
  "pins" : [
    {
      "identity" : "chronometer",
      "kind" : "remoteSourceControl",
      "location" : "https://github.com/KittyMac/Chronometer.git",
      "state" : {
        "revision" : "d21b89e5cb5929b5175bdb3ad710a52cbf497eaa",
        "version" : "0.1.12"
      }
    },
    {
      "identity" : "gzipswift",
      "kind" : "remoteSourceControl",
      "location" : "https://github.com/KittyMac/GzipSwift.git",
      "state" : {
        "revision" : "0f5ce356dc9b75cde454caec96f9e7c2b931caae",
        "version" : "5.3.6"
      }
    },
    {
      "identity" : "hitch",
      "kind" : "remoteSourceControl",
      "location" : "https://github.com/KittyMac/Hitch.git",
      "state" : {
        "revision" : "328211598c24f356fccbcb5451cc48e21071a963",
        "version" : "0.4.139"
      }
    },
    {
      "identity" : "jib",
      "kind" : "remoteSourceControl",
      "location" : "https://github.com/KittyMac/Jib.git",
      "state" : {
        "revision" : "b987ea69a171b75152a2fbf1a2a334d55a768c1b",
        "version" : "0.0.84"
      }
    },
    {
      "identity" : "pamphlet",
      "kind" : "remoteSourceControl",
      "location" : "https://github.com/KittyMac/Pamphlet.git",
      "state" : {
        "revision" : "0727b34198f32238d7addb3a391c865b9791a4f6",
        "version" : "0.3.114"
      }
    },
    {
      "identity" : "sextant",
      "kind" : "remoteSourceControl",
      "location" : "https://github.com/KittyMac/Sextant.git",
      "state" : {
        "revision" : "52a77d0bce0210cf9557faef7fd0adb9a6da02fb",
        "version" : "0.4.31"
      }
    },
    {
      "identity" : "spanker",
      "kind" : "remoteSourceControl",
      "location" : "https://github.com/KittyMac/Spanker.git",
      "state" : {
        "revision" : "96e58f68274a2e6f370fff153ceb5674a06936c4",
        "version" : "0.2.47"
      }
    },
    {
      "identity" : "swift-argument-parser",
      "kind" : "remoteSourceControl",
      "location" : "https://github.com/apple/swift-argument-parser",
      "state" : {
        "revision" : "41982a3656a71c768319979febd796c6fd111d5c",
        "version" : "1.5.0"
      }
    }
  ],
  "version" : 2
}
